# This file is automatically @generated by Cargo.
# It is not intended for manual editing.
version = 3

[[package]]
name = "azul"
version = "1.0.0-beta1"
source = "git+https://github.com/fschutt/azul#a1f9c526d4a2dfb79770717f7a63539e22f18a40"

[[package]]
name = "azul-example"
version = "0.1.0"
dependencies = [
 "azul",
]
